
Microsoft Visual Studio Solution File, Format Version 12.00
# Visual Studio Version 17
VisualStudioVersion = 17.1.32210.238
MinimumVisualStudioVersion = 10.0.40219.1
Project("{9A19103F-16F7-4668-BE54-9A1E7A4F7556}") = "MultiFilter", "MultiFilter\MultiFilter.csproj", "{646D7CFE-DB79-4BBE-A2EF-1DDF820B3FF4}"
EndProject
Project("{9A19103F-16F7-4668-BE54-9A1E7A4F7556}") = "MultiFilter.Core", "MultiFilter.Core\MultiFilter.Core.csproj", "{CA9120E7-E80E-4E48-AF9C-3E16B532D1B8}"
EndProject
Project("{9A19103F-16F7-4668-BE54-9A1E7A4F7556}") = "MultiFilter.CoreTests", "MultiFilter.CoreTests\MultiFilter.CoreTests.csproj", "{C912C95C-97E9-41AE-8A5F-42AB1F052150}"
EndProject
Project("{9A19103F-16F7-4668-BE54-9A1E7A4F7556}") = "MultiFilter.GUITests", "MultiFilter.GUITests\MultiFilter.GUITests.csproj", "{880FC11B-1BE0-4C24-AADA-BCF9C4EC0E4C}"
EndProject
Project("{FAE04EC0-301F-11D3-BF4B-00C04F79EFBC}") = "MultiFilter.Data", "MultiFilter.Data\MultiFilter.Data.csproj", "{AFD8853E-B37B-4AEE-B7BE-2B608EE62E22}"
EndProject
Global
	GlobalSection(SolutionConfigurationPlatforms) = preSolution
		Debug|Any CPU = Debug|Any CPU
		Release|Any CPU = Release|Any CPU
	EndGlobalSection
	GlobalSection(ProjectConfigurationPlatforms) = postSolution
		{646D7CFE-DB79-4BBE-A2EF-1DDF820B3FF4}.Debug|Any CPU.ActiveCfg = Debug|Any CPU
		{646D7CFE-DB79-4BBE-A2EF-1DDF820B3FF4}.Debug|Any CPU.Build.0 = Debug|Any CPU
		{646D7CFE-DB79-4BBE-A2EF-1DDF820B3FF4}.Release|Any CPU.ActiveCfg = Release|Any CPU
		{646D7CFE-DB79-4BBE-A2EF-1DDF820B3FF4}.Release|Any CPU.Build.0 = Release|Any CPU
		{CA9120E7-E80E-4E48-AF9C-3E16B532D1B8}.Debug|Any CPU.ActiveCfg = Debug|Any CPU
		{CA9120E7-E80E-4E48-AF9C-3E16B532D1B8}.Debug|Any CPU.Build.0 = Debug|Any CPU
		{CA9120E7-E80E-4E48-AF9C-3E16B532D1B8}.Release|Any CPU.ActiveCfg = Release|Any CPU
		{CA9120E7-E80E-4E48-AF9C-3E16B532D1B8}.Release|Any CPU.Build.0 = Release|Any CPU
		{C912C95C-97E9-41AE-8A5F-42AB1F052150}.Debug|Any CPU.ActiveCfg = Debug|Any CPU
		{C912C95C-97E9-41AE-8A5F-42AB1F052150}.Debug|Any CPU.Build.0 = Debug|Any CPU
		{C912C95C-97E9-41AE-8A5F-42AB1F052150}.Release|Any CPU.ActiveCfg = Release|Any CPU
		{C912C95C-97E9-41AE-8A5F-42AB1F052150}.Release|Any CPU.Build.0 = Release|Any CPU
		{880FC11B-1BE0-4C24-AADA-BCF9C4EC0E4C}.Debug|Any CPU.ActiveCfg = Debug|Any CPU
		{880FC11B-1BE0-4C24-AADA-BCF9C4EC0E4C}.Debug|Any CPU.Build.0 = Debug|Any CPU
		{880FC11B-1BE0-4C24-AADA-BCF9C4EC0E4C}.Release|Any CPU.ActiveCfg = Release|Any CPU
		{880FC11B-1BE0-4C24-AADA-BCF9C4EC0E4C}.Release|Any CPU.Build.0 = Release|Any CPU
		{AFD8853E-B37B-4AEE-B7BE-2B608EE62E22}.Debug|Any CPU.ActiveCfg = Debug|Any CPU
		{AFD8853E-B37B-4AEE-B7BE-2B608EE62E22}.Debug|Any CPU.Build.0 = Debug|Any CPU
		{AFD8853E-B37B-4AEE-B7BE-2B608EE62E22}.Release|Any CPU.ActiveCfg = Release|Any CPU
		{AFD8853E-B37B-4AEE-B7BE-2B608EE62E22}.Release|Any CPU.Build.0 = Release|Any CPU
	EndGlobalSection
	GlobalSection(SolutionProperties) = preSolution
		HideSolutionNode = FALSE
	EndGlobalSection
	GlobalSection(ExtensibilityGlobals) = postSolution
		SolutionGuid = {398FAA14-91BA-451E-9084-5F9F26D3C17E}
	EndGlobalSection
EndGlobal
