
Microsoft Visual Studio Solution File, Format Version 12.00
# Visual Studio Version 16
VisualStudioVersion = 16.0.31829.152
MinimumVisualStudioVersion = 10.0.40219.1
Project("{9A19103F-16F7-4668-BE54-9A1E7A4F7556}") = "Filter", "..\Filter\Filter.csproj", "{4126070B-3C35-4929-B8E5-9AD956185336}"
EndProject
Project("{9A19103F-16F7-4668-BE54-9A1E7A4F7556}") = "FilterTests", "..\FilterTests\FilterTests.csproj", "{BC3E2CEF-D1FF-4996-8625-0B5AAD31558D}"
EndProject
Project("{9A19103F-16F7-4668-BE54-9A1E7A4F7556}") = "GUITests", "..\GUITests\GUITests.csproj", "{98D02506-A8F7-4A7C-AC2E-5A486AB5C379}"
EndProject
Project("{9A19103F-16F7-4668-BE54-9A1E7A4F7556}") = "SteelConnectFilter", "SteelConnectFilter.csproj", "{E40F9F2D-3D4D-450C-A443-973E619A74F9}"
EndProject
Global
	GlobalSection(SolutionConfigurationPlatforms) = preSolution
		Debug|Any CPU = Debug|Any CPU
		Release|Any CPU = Release|Any CPU
	EndGlobalSection
	GlobalSection(ProjectConfigurationPlatforms) = postSolution
		{4126070B-3C35-4929-B8E5-9AD956185336}.Debug|Any CPU.ActiveCfg = Debug|Any CPU
		{4126070B-3C35-4929-B8E5-9AD956185336}.Debug|Any CPU.Build.0 = Debug|Any CPU
		{4126070B-3C35-4929-B8E5-9AD956185336}.Release|Any CPU.ActiveCfg = Release|Any CPU
		{4126070B-3C35-4929-B8E5-9AD956185336}.Release|Any CPU.Build.0 = Release|Any CPU
		{BC3E2CEF-D1FF-4996-8625-0B5AAD31558D}.Debug|Any CPU.ActiveCfg = Debug|Any CPU
		{BC3E2CEF-D1FF-4996-8625-0B5AAD31558D}.Debug|Any CPU.Build.0 = Debug|Any CPU
		{BC3E2CEF-D1FF-4996-8625-0B5AAD31558D}.Release|Any CPU.ActiveCfg = Release|Any CPU
		{BC3E2CEF-D1FF-4996-8625-0B5AAD31558D}.Release|Any CPU.Build.0 = Release|Any CPU
		{98D02506-A8F7-4A7C-AC2E-5A486AB5C379}.Debug|Any CPU.ActiveCfg = Debug|Any CPU
		{98D02506-A8F7-4A7C-AC2E-5A486AB5C379}.Debug|Any CPU.Build.0 = Debug|Any CPU
		{98D02506-A8F7-4A7C-AC2E-5A486AB5C379}.Release|Any CPU.ActiveCfg = Release|Any CPU
		{98D02506-A8F7-4A7C-AC2E-5A486AB5C379}.Release|Any CPU.Build.0 = Release|Any CPU
		{E40F9F2D-3D4D-450C-A443-973E619A74F9}.Debug|Any CPU.ActiveCfg = Debug|Any CPU
		{E40F9F2D-3D4D-450C-A443-973E619A74F9}.Debug|Any CPU.Build.0 = Debug|Any CPU
		{E40F9F2D-3D4D-450C-A443-973E619A74F9}.Release|Any CPU.ActiveCfg = Release|Any CPU
		{E40F9F2D-3D4D-450C-A443-973E619A74F9}.Release|Any CPU.Build.0 = Release|Any CPU
	EndGlobalSection
	GlobalSection(SolutionProperties) = preSolution
		HideSolutionNode = FALSE
	EndGlobalSection
	GlobalSection(ExtensibilityGlobals) = postSolution
		SolutionGuid = {398FAA14-91BA-451E-9084-5F9F26D3C17E}
	EndGlobalSection
EndGlobal
